// !$*UTF8*$!
{
	archiveVersion = 1;
	classes = {
	};
	objectVersion = 56;
	objects = {

/* Begin PBXBuildFile section */
		36601EA72A35017300C31042 /* Charts.framework in Frameworks */ = {isa = PBXBuildFile; fileRef = 36601EA22A34F8C400C31042 /* Charts.framework */; };
		36601EAA2A3504A300C31042 /* DGCharts in Frameworks */ = {isa = PBXBuildFile; productRef = 36601EA92A3504A300C31042 /* DGCharts */; };
		36ACED4F2A35AE5300AC2E85 /* ChartGenerator.swift in Sources */ = {isa = PBXBuildFile; fileRef = 36ACED4E2A35AE5300AC2E85 /* ChartGenerator.swift */; };
		36ACED522A35D25D00AC2E85 /* OrderedCollections in Frameworks */ = {isa = PBXBuildFile; productRef = 36ACED512A35D25D00AC2E85 /* OrderedCollections */; };
		36ACED5F2A35FCD100AC2E85 /* DashbordVC + UICollectionView.swift in Sources */ = {isa = PBXBuildFile; fileRef = 36ACED5D2A35FCD100AC2E85 /* DashbordVC + UICollectionView.swift */; };
		36ACED602A35FCD100AC2E85 /* Dashboard + UITableview.swift in Sources */ = {isa = PBXBuildFile; fileRef = 36ACED5E2A35FCD100AC2E85 /* Dashboard + UITableview.swift */; };
		36B169A62A30E20200690853 /* AppDelegate.swift in Sources */ = {isa = PBXBuildFile; fileRef = 36B169A52A30E20200690853 /* AppDelegate.swift */; };
		36B169A82A30E20200690853 /* SceneDelegate.swift in Sources */ = {isa = PBXBuildFile; fileRef = 36B169A72A30E20200690853 /* SceneDelegate.swift */; };
		36B169AA2A30E20200690853 /* DashboardVC.swift in Sources */ = {isa = PBXBuildFile; fileRef = 36B169A92A30E20200690853 /* DashboardVC.swift */; };
		36B169AD2A30E20200690853 /* Main.storyboard in Resources */ = {isa = PBXBuildFile; fileRef = 36B169AB2A30E20200690853 /* Main.storyboard */; };
		36B169AF2A30E20300690853 /* Assets.xcassets in Resources */ = {isa = PBXBuildFile; fileRef = 36B169AE2A30E20300690853 /* Assets.xcassets */; };
		36B169B22A30E20300690853 /* LaunchScreen.storyboard in Resources */ = {isa = PBXBuildFile; fileRef = 36B169B02A30E20300690853 /* LaunchScreen.storyboard */; };
		36B169BD2A30E20300690853 /* ListedTests.swift in Sources */ = {isa = PBXBuildFile; fileRef = 36B169BC2A30E20300690853 /* ListedTests.swift */; };
		36B169C72A30E20400690853 /* ListedUITests.swift in Sources */ = {isa = PBXBuildFile; fileRef = 36B169C62A30E20400690853 /* ListedUITests.swift */; };
		36B169C92A30E20400690853 /* ListedUITestsLaunchTests.swift in Sources */ = {isa = PBXBuildFile; fileRef = 36B169C82A30E20400690853 /* ListedUITestsLaunchTests.swift */; };
		36C2B5A92A338E6400E4AE7B /* AppConstant.swift in Sources */ = {isa = PBXBuildFile; fileRef = 36C2B5A82A338E6400E4AE7B /* AppConstant.swift */; };
		36C2B5AB2A338FBB00E4AE7B /* Date + Extension.swift in Sources */ = {isa = PBXBuildFile; fileRef = 36C2B5AA2A338FBB00E4AE7B /* Date + Extension.swift */; };
		36C2B5B12A3394BF00E4AE7B /* Colors.xcassets in Resources */ = {isa = PBXBuildFile; fileRef = 36C2B5B02A3394BF00E4AE7B /* Colors.xcassets */; };
		36C2B5B62A33983000E4AE7B /* Figtree-Regular.ttf in Resources */ = {isa = PBXBuildFile; fileRef = 36C2B5B42A33983000E4AE7B /* Figtree-Regular.ttf */; };
		36C2B5B72A33983000E4AE7B /* Figtree-SemiBold.ttf in Resources */ = {isa = PBXBuildFile; fileRef = 36C2B5B52A33983000E4AE7B /* Figtree-SemiBold.ttf */; };
		36C2B5B92A33990E00E4AE7B /* Font + Extension.swift in Sources */ = {isa = PBXBuildFile; fileRef = 36C2B5B82A33990E00E4AE7B /* Font + Extension.swift */; };
		36C2B5BB2A339F4900E4AE7B /* UIkit + Extension.swift in Sources */ = {isa = PBXBuildFile; fileRef = 36C2B5BA2A339F4900E4AE7B /* UIkit + Extension.swift */; };
		36C2B5BD2A34553800E4AE7B /* LinkDataModel.swift in Sources */ = {isa = PBXBuildFile; fileRef = 36C2B5BC2A34553800E4AE7B /* LinkDataModel.swift */; };
		36C2B5BF2A34561300E4AE7B /* LinkViewModel.swift in Sources */ = {isa = PBXBuildFile; fileRef = 36C2B5BE2A34561300E4AE7B /* LinkViewModel.swift */; };
		36C2B5C12A34638C00E4AE7B /* LinkData.swift in Sources */ = {isa = PBXBuildFile; fileRef = 36C2B5C02A34638C00E4AE7B /* LinkData.swift */; };
		36C2B5CA2A3487B000E4AE7B /* DashboardCVCell.swift in Sources */ = {isa = PBXBuildFile; fileRef = 36C2B5C82A3487B000E4AE7B /* DashboardCVCell.swift */; };
		36C2B5CB2A3487B000E4AE7B /* DashboardCVCell.xib in Resources */ = {isa = PBXBuildFile; fileRef = 36C2B5C92A3487B000E4AE7B /* DashboardCVCell.xib */; };
		36C2B5CF2A349A9E00E4AE7B /* LinkCell.swift in Sources */ = {isa = PBXBuildFile; fileRef = 36C2B5CD2A349A9E00E4AE7B /* LinkCell.swift */; };
		36C2B5D02A349A9E00E4AE7B /* LinkCell.xib in Resources */ = {isa = PBXBuildFile; fileRef = 36C2B5CE2A349A9E00E4AE7B /* LinkCell.xib */; };
/* End PBXBuildFile section */

/* Begin PBXContainerItemProxy section */
		36B169B92A30E20300690853 /* PBXContainerItemProxy */ = {
			isa = PBXContainerItemProxy;
			containerPortal = 36B1699A2A30E20200690853 /* Project object */;
			proxyType = 1;
			remoteGlobalIDString = 36B169A12A30E20200690853;
			remoteInfo = Listed;
		};
		36B169C32A30E20400690853 /* PBXContainerItemProxy */ = {
			isa = PBXContainerItemProxy;
			containerPortal = 36B1699A2A30E20200690853 /* Project object */;
			proxyType = 1;
			remoteGlobalIDString = 36B169A12A30E20200690853;
			remoteInfo = Listed;
		};
/* End PBXContainerItemProxy section */

/* Begin PBXFileReference section */
		36601EA22A34F8C400C31042 /* Charts.framework */ = {isa = PBXFileReference; lastKnownFileType = wrapper.framework; name = Charts.framework; path = System/Library/Frameworks/Charts.framework; sourceTree = SDKROOT; };
		36ACED4E2A35AE5300AC2E85 /* ChartGenerator.swift */ = {isa = PBXFileReference; lastKnownFileType = sourcecode.swift; path = ChartGenerator.swift; sourceTree = "<group>"; };
		36ACED5D2A35FCD100AC2E85 /* DashbordVC + UICollectionView.swift */ = {isa = PBXFileReference; fileEncoding = 4; lastKnownFileType = sourcecode.swift; path = "DashbordVC + UICollectionView.swift"; sourceTree = "<group>"; };
		36ACED5E2A35FCD100AC2E85 /* Dashboard + UITableview.swift */ = {isa = PBXFileReference; fileEncoding = 4; lastKnownFileType = sourcecode.swift; path = "Dashboard + UITableview.swift"; sourceTree = "<group>"; };
		36B169A22A30E20200690853 /* Listed.app */ = {isa = PBXFileReference; explicitFileType = wrapper.application; includeInIndex = 0; path = Listed.app; sourceTree = BUILT_PRODUCTS_DIR; };
		36B169A52A30E20200690853 /* AppDelegate.swift */ = {isa = PBXFileReference; lastKnownFileType = sourcecode.swift; path = AppDelegate.swift; sourceTree = "<group>"; };
		36B169A72A30E20200690853 /* SceneDelegate.swift */ = {isa = PBXFileReference; lastKnownFileType = sourcecode.swift; path = SceneDelegate.swift; sourceTree = "<group>"; };
		36B169A92A30E20200690853 /* DashboardVC.swift */ = {isa = PBXFileReference; lastKnownFileType = sourcecode.swift; path = DashboardVC.swift; sourceTree = "<group>"; };
		36B169AC2A30E20200690853 /* Base */ = {isa = PBXFileReference; lastKnownFileType = file.storyboard; name = Base; path = Base.lproj/Main.storyboard; sourceTree = "<group>"; };
		36B169AE2A30E20300690853 /* Assets.xcassets */ = {isa = PBXFileReference; lastKnownFileType = folder.assetcatalog; path = Assets.xcassets; sourceTree = "<group>"; };
		36B169B12A30E20300690853 /* Base */ = {isa = PBXFileReference; lastKnownFileType = file.storyboard; name = Base; path = Base.lproj/LaunchScreen.storyboard; sourceTree = "<group>"; };
		36B169B32A30E20300690853 /* Info.plist */ = {isa = PBXFileReference; lastKnownFileType = text.plist.xml; path = Info.plist; sourceTree = "<group>"; };
		36B169B82A30E20300690853 /* ListedTests.xctest */ = {isa = PBXFileReference; explicitFileType = wrapper.cfbundle; includeInIndex = 0; path = ListedTests.xctest; sourceTree = BUILT_PRODUCTS_DIR; };
		36B169BC2A30E20300690853 /* ListedTests.swift */ = {isa = PBXFileReference; lastKnownFileType = sourcecode.swift; path = ListedTests.swift; sourceTree = "<group>"; };
		36B169C22A30E20400690853 /* ListedUITests.xctest */ = {isa = PBXFileReference; explicitFileType = wrapper.cfbundle; includeInIndex = 0; path = ListedUITests.xctest; sourceTree = BUILT_PRODUCTS_DIR; };
		36B169C62A30E20400690853 /* ListedUITests.swift */ = {isa = PBXFileReference; lastKnownFileType = sourcecode.swift; path = ListedUITests.swift; sourceTree = "<group>"; };
		36B169C82A30E20400690853 /* ListedUITestsLaunchTests.swift */ = {isa = PBXFileReference; lastKnownFileType = sourcecode.swift; path = ListedUITestsLaunchTests.swift; sourceTree = "<group>"; };
		36C2B5A82A338E6400E4AE7B /* AppConstant.swift */ = {isa = PBXFileReference; lastKnownFileType = sourcecode.swift; path = AppConstant.swift; sourceTree = "<group>"; };
		36C2B5AA2A338FBB00E4AE7B /* Date + Extension.swift */ = {isa = PBXFileReference; lastKnownFileType = sourcecode.swift; path = "Date + Extension.swift"; sourceTree = "<group>"; };
		36C2B5B02A3394BF00E4AE7B /* Colors.xcassets */ = {isa = PBXFileReference; lastKnownFileType = folder.assetcatalog; path = Colors.xcassets; sourceTree = "<group>"; };
		36C2B5B42A33983000E4AE7B /* Figtree-Regular.ttf */ = {isa = PBXFileReference; lastKnownFileType = file; path = "Figtree-Regular.ttf"; sourceTree = "<group>"; };
		36C2B5B52A33983000E4AE7B /* Figtree-SemiBold.ttf */ = {isa = PBXFileReference; lastKnownFileType = file; path = "Figtree-SemiBold.ttf"; sourceTree = "<group>"; };
		36C2B5B82A33990E00E4AE7B /* Font + Extension.swift */ = {isa = PBXFileReference; lastKnownFileType = sourcecode.swift; path = "Font + Extension.swift"; sourceTree = "<group>"; };
		36C2B5BA2A339F4900E4AE7B /* UIkit + Extension.swift */ = {isa = PBXFileReference; lastKnownFileType = sourcecode.swift; path = "UIkit + Extension.swift"; sourceTree = "<group>"; };
		36C2B5BC2A34553800E4AE7B /* LinkDataModel.swift */ = {isa = PBXFileReference; lastKnownFileType = sourcecode.swift; path = LinkDataModel.swift; sourceTree = "<group>"; };
		36C2B5BE2A34561300E4AE7B /* LinkViewModel.swift */ = {isa = PBXFileReference; lastKnownFileType = sourcecode.swift; path = LinkViewModel.swift; sourceTree = "<group>"; };
		36C2B5C02A34638C00E4AE7B /* LinkData.swift */ = {isa = PBXFileReference; lastKnownFileType = sourcecode.swift; path = LinkData.swift; sourceTree = "<group>"; };
		36C2B5C82A3487B000E4AE7B /* DashboardCVCell.swift */ = {isa = PBXFileReference; lastKnownFileType = sourcecode.swift; path = DashboardCVCell.swift; sourceTree = "<group>"; };
		36C2B5C92A3487B000E4AE7B /* DashboardCVCell.xib */ = {isa = PBXFileReference; lastKnownFileType = file.xib; path = DashboardCVCell.xib; sourceTree = "<group>"; };
		36C2B5CD2A349A9E00E4AE7B /* LinkCell.swift */ = {isa = PBXFileReference; lastKnownFileType = sourcecode.swift; path = LinkCell.swift; sourceTree = "<group>"; };
		36C2B5CE2A349A9E00E4AE7B /* LinkCell.xib */ = {isa = PBXFileReference; lastKnownFileType = file.xib; path = LinkCell.xib; sourceTree = "<group>"; };
/* End PBXFileReference section */

/* Begin PBXFrameworksBuildPhase section */
		36B1699F2A30E20200690853 /* Frameworks */ = {
			isa = PBXFrameworksBuildPhase;
			buildActionMask = 2147483647;
			files = (
				36601EAA2A3504A300C31042 /* DGCharts in Frameworks */,
				36601EA72A35017300C31042 /* Charts.framework in Frameworks */,
				36ACED522A35D25D00AC2E85 /* OrderedCollections in Frameworks */,
			);
			runOnlyForDeploymentPostprocessing = 0;
		};
		36B169B52A30E20300690853 /* Frameworks */ = {
			isa = PBXFrameworksBuildPhase;
			buildActionMask = 2147483647;
			files = (
			);
			runOnlyForDeploymentPostprocessing = 0;
		};
		36B169BF2A30E20400690853 /* Frameworks */ = {
			isa = PBXFrameworksBuildPhase;
			buildActionMask = 2147483647;
			files = (
			);
			runOnlyForDeploymentPostprocessing = 0;
		};
/* End PBXFrameworksBuildPhase section */

/* Begin PBXGroup section */
		36601EA12A34F8C300C31042 /* Frameworks */ = {
			isa = PBXGroup;
			children = (
				36601EA22A34F8C400C31042 /* Charts.framework */,
			);
			name = Frameworks;
			sourceTree = "<group>";
		};
		36ACED462A359D5000AC2E85 /* CustomView */ = {
			isa = PBXGroup;
			children = (
				36ACED4E2A35AE5300AC2E85 /* ChartGenerator.swift */,
			);
			path = CustomView;
			sourceTree = "<group>";
		};
		36ACED5C2A35FCD100AC2E85 /* Extension */ = {
			isa = PBXGroup;
			children = (
				36ACED5D2A35FCD100AC2E85 /* DashbordVC + UICollectionView.swift */,
				36ACED5E2A35FCD100AC2E85 /* Dashboard + UITableview.swift */,
			);
			path = Extension;
			sourceTree = "<group>";
		};
		36B169992A30E20200690853 = {
			isa = PBXGroup;
			children = (
				36B169A42A30E20200690853 /* Listed */,
				36B169BB2A30E20300690853 /* ListedTests */,
				36B169C52A30E20400690853 /* ListedUITests */,
				36B169A32A30E20200690853 /* Products */,
				36601EA12A34F8C300C31042 /* Frameworks */,
			);
			sourceTree = "<group>";
		};
		36B169A32A30E20200690853 /* Products */ = {
			isa = PBXGroup;
			children = (
				36B169A22A30E20200690853 /* Listed.app */,
				36B169B82A30E20300690853 /* ListedTests.xctest */,
				36B169C22A30E20400690853 /* ListedUITests.xctest */,
			);
			name = Products;
			sourceTree = "<group>";
		};
		36B169A42A30E20200690853 /* Listed */ = {
			isa = PBXGroup;
			children = (
				36C2B5A72A338CBE00E4AE7B /* Support */,
				36B169D72A30E24900690853 /* Resource */,
				36B169D52A30E22600690853 /* AppDelegate */,
				36C2B5A42A338C6300E4AE7B /* AppConstant */,
				36C2B5A62A338C8500E4AE7B /* Links */,
				36ACED462A359D5000AC2E85 /* CustomView */,
				36B169D62A30E23900690853 /* Utilities */,
				36B169B02A30E20300690853 /* LaunchScreen.storyboard */,
			);
			path = Listed;
			sourceTree = "<group>";
		};
		36B169BB2A30E20300690853 /* ListedTests */ = {
			isa = PBXGroup;
			children = (
				36B169BC2A30E20300690853 /* ListedTests.swift */,
			);
			path = ListedTests;
			sourceTree = "<group>";
		};
		36B169C52A30E20400690853 /* ListedUITests */ = {
			isa = PBXGroup;
			children = (
				36B169C62A30E20400690853 /* ListedUITests.swift */,
				36B169C82A30E20400690853 /* ListedUITestsLaunchTests.swift */,
			);
			path = ListedUITests;
			sourceTree = "<group>";
		};
		36B169D52A30E22600690853 /* AppDelegate */ = {
			isa = PBXGroup;
			children = (
				36B169A52A30E20200690853 /* AppDelegate.swift */,
				36B169A72A30E20200690853 /* SceneDelegate.swift */,
			);
			path = AppDelegate;
			sourceTree = "<group>";
		};
		36B169D62A30E23900690853 /* Utilities */ = {
			isa = PBXGroup;
			children = (
				36C2B5AA2A338FBB00E4AE7B /* Date + Extension.swift */,
				36C2B5B82A33990E00E4AE7B /* Font + Extension.swift */,
				36C2B5BA2A339F4900E4AE7B /* UIkit + Extension.swift */,
			);
			path = Utilities;
			sourceTree = "<group>";
		};
		36B169D72A30E24900690853 /* Resource */ = {
			isa = PBXGroup;
			children = (
				36C2B5B32A3396EB00E4AE7B /* Fonts */,
				36B169AE2A30E20300690853 /* Assets.xcassets */,
				36C2B5B02A3394BF00E4AE7B /* Colors.xcassets */,
			);
			path = Resource;
			sourceTree = "<group>";
		};
		36C2B5A42A338C6300E4AE7B /* AppConstant */ = {
			isa = PBXGroup;
			children = (
				36C2B5A82A338E6400E4AE7B /* AppConstant.swift */,
			);
			path = AppConstant;
			sourceTree = "<group>";
		};
		36C2B5A62A338C8500E4AE7B /* Links */ = {
			isa = PBXGroup;
			children = (
				36C2B5AE2A33905700E4AE7B /* Model */,
				36C2B5AD2A33904900E4AE7B /* ViewModel */,
				36C2B5AC2A33903E00E4AE7B /* ViewController */,
			);
			path = Links;
			sourceTree = "<group>";
		};
		36C2B5A72A338CBE00E4AE7B /* Support */ = {
			isa = PBXGroup;
			children = (
				36B169B32A30E20300690853 /* Info.plist */,
			);
			path = Support;
			sourceTree = "<group>";
		};
		36C2B5AC2A33903E00E4AE7B /* ViewController */ = {
			isa = PBXGroup;
			children = (
				36ACED5C2A35FCD100AC2E85 /* Extension */,
				36C2B5C22A34717C00E4AE7B /* View */,
				36B169AB2A30E20200690853 /* Main.storyboard */,
				36B169A92A30E20200690853 /* DashboardVC.swift */,
			);
			path = ViewController;
			sourceTree = "<group>";
		};
		36C2B5AD2A33904900E4AE7B /* ViewModel */ = {
			isa = PBXGroup;
			children = (
				36C2B5BE2A34561300E4AE7B /* LinkViewModel.swift */,
			);
			path = ViewModel;
			sourceTree = "<group>";
		};
		36C2B5AE2A33905700E4AE7B /* Model */ = {
			isa = PBXGroup;
			children = (
				36C2B5BC2A34553800E4AE7B /* LinkDataModel.swift */,
				36C2B5C02A34638C00E4AE7B /* LinkData.swift */,
			);
			path = Model;
			sourceTree = "<group>";
		};
		36C2B5B32A3396EB00E4AE7B /* Fonts */ = {
			isa = PBXGroup;
			children = (
				36C2B5B42A33983000E4AE7B /* Figtree-Regular.ttf */,
				36C2B5B52A33983000E4AE7B /* Figtree-SemiBold.ttf */,
			);
			path = Fonts;
			sourceTree = "<group>";
		};
		36C2B5C22A34717C00E4AE7B /* View */ = {
			isa = PBXGroup;
			children = (
				36C2B5CC2A349A7E00E4AE7B /* LinkCell */,
				36C2B5C32A34718D00E4AE7B /* DashboardCVCell */,
			);
			path = View;
			sourceTree = "<group>";
		};
		36C2B5C32A34718D00E4AE7B /* DashboardCVCell */ = {
			isa = PBXGroup;
			children = (
				36C2B5C82A3487B000E4AE7B /* DashboardCVCell.swift */,
				36C2B5C92A3487B000E4AE7B /* DashboardCVCell.xib */,
			);
			path = DashboardCVCell;
			sourceTree = "<group>";
		};
		36C2B5CC2A349A7E00E4AE7B /* LinkCell */ = {
			isa = PBXGroup;
			children = (
				36C2B5CD2A349A9E00E4AE7B /* LinkCell.swift */,
				36C2B5CE2A349A9E00E4AE7B /* LinkCell.xib */,
			);
			path = LinkCell;
			sourceTree = "<group>";
		};
/* End PBXGroup section */

/* Begin PBXNativeTarget section */
		36B169A12A30E20200690853 /* Listed */ = {
			isa = PBXNativeTarget;
			buildConfigurationList = 36B169CC2A30E20400690853 /* Build configuration list for PBXNativeTarget "Listed" */;
			buildPhases = (
				36B1699E2A30E20200690853 /* Sources */,
				36B1699F2A30E20200690853 /* Frameworks */,
				36B169A02A30E20200690853 /* Resources */,
			);
			buildRules = (
			);
			dependencies = (
			);
			name = Listed;
			packageProductDependencies = (
				36601EA92A3504A300C31042 /* DGCharts */,
				36ACED512A35D25D00AC2E85 /* OrderedCollections */,
			);
			productName = Listed;
			productReference = 36B169A22A30E20200690853 /* Listed.app */;
			productType = "com.apple.product-type.application";
		};
		36B169B72A30E20300690853 /* ListedTests */ = {
			isa = PBXNativeTarget;
			buildConfigurationList = 36B169CF2A30E20400690853 /* Build configuration list for PBXNativeTarget "ListedTests" */;
			buildPhases = (
				36B169B42A30E20300690853 /* Sources */,
				36B169B52A30E20300690853 /* Frameworks */,
				36B169B62A30E20300690853 /* Resources */,
			);
			buildRules = (
			);
			dependencies = (
				36B169BA2A30E20300690853 /* PBXTargetDependency */,
			);
			name = ListedTests;
			productName = ListedTests;
			productReference = 36B169B82A30E20300690853 /* ListedTests.xctest */;
			productType = "com.apple.product-type.bundle.unit-test";
		};
		36B169C12A30E20400690853 /* ListedUITests */ = {
			isa = PBXNativeTarget;
			buildConfigurationList = 36B169D22A30E20400690853 /* Build configuration list for PBXNativeTarget "ListedUITests" */;
			buildPhases = (
				36B169BE2A30E20400690853 /* Sources */,
				36B169BF2A30E20400690853 /* Frameworks */,
				36B169C02A30E20400690853 /* Resources */,
			);
			buildRules = (
			);
			dependencies = (
				36B169C42A30E20400690853 /* PBXTargetDependency */,
			);
			name = ListedUITests;
			productName = ListedUITests;
			productReference = 36B169C22A30E20400690853 /* ListedUITests.xctest */;
			productType = "com.apple.product-type.bundle.ui-testing";
		};
/* End PBXNativeTarget section */

/* Begin PBXProject section */
		36B1699A2A30E20200690853 /* Project object */ = {
			isa = PBXProject;
			attributes = {
				BuildIndependentTargetsInParallel = 1;
				LastSwiftUpdateCheck = 1430;
				LastUpgradeCheck = 1430;
				TargetAttributes = {
					36B169A12A30E20200690853 = {
						CreatedOnToolsVersion = 14.3;
					};
					36B169B72A30E20300690853 = {
						CreatedOnToolsVersion = 14.3;
						TestTargetID = 36B169A12A30E20200690853;
					};
					36B169C12A30E20400690853 = {
						CreatedOnToolsVersion = 14.3;
						TestTargetID = 36B169A12A30E20200690853;
					};
				};
			};
			buildConfigurationList = 36B1699D2A30E20200690853 /* Build configuration list for PBXProject "Listed" */;
			compatibilityVersion = "Xcode 14.0";
			developmentRegion = en;
			hasScannedForEncodings = 0;
			knownRegions = (
				en,
				Base,
			);
			mainGroup = 36B169992A30E20200690853;
			packageReferences = (
				36601EA82A3504A300C31042 /* XCRemoteSwiftPackageReference "Charts" */,
				36ACED502A35D25D00AC2E85 /* XCRemoteSwiftPackageReference "swift-collections" */,
			);
			productRefGroup = 36B169A32A30E20200690853 /* Products */;
			projectDirPath = "";
			projectRoot = "";
			targets = (
				36B169A12A30E20200690853 /* Listed */,
				36B169B72A30E20300690853 /* ListedTests */,
				36B169C12A30E20400690853 /* ListedUITests */,
			);
		};
/* End PBXProject section */

/* Begin PBXResourcesBuildPhase section */
		36B169A02A30E20200690853 /* Resources */ = {
			isa = PBXResourcesBuildPhase;
			buildActionMask = 2147483647;
			files = (
				36C2B5B72A33983000E4AE7B /* Figtree-SemiBold.ttf in Resources */,
				36C2B5CB2A3487B000E4AE7B /* DashboardCVCell.xib in Resources */,
				36B169B22A30E20300690853 /* LaunchScreen.storyboard in Resources */,
				36C2B5D02A349A9E00E4AE7B /* LinkCell.xib in Resources */,
				36C2B5B12A3394BF00E4AE7B /* Colors.xcassets in Resources */,
				36B169AF2A30E20300690853 /* Assets.xcassets in Resources */,
				36B169AD2A30E20200690853 /* Main.storyboard in Resources */,
				36C2B5B62A33983000E4AE7B /* Figtree-Regular.ttf in Resources */,
			);
			runOnlyForDeploymentPostprocessing = 0;
		};
		36B169B62A30E20300690853 /* Resources */ = {
			isa = PBXResourcesBuildPhase;
			buildActionMask = 2147483647;
			files = (
			);
			runOnlyForDeploymentPostprocessing = 0;
		};
		36B169C02A30E20400690853 /* Resources */ = {
			isa = PBXResourcesBuildPhase;
			buildActionMask = 2147483647;
			files = (
			);
			runOnlyForDeploymentPostprocessing = 0;
		};
/* End PBXResourcesBuildPhase section */

/* Begin PBXSourcesBuildPhase section */
		36B1699E2A30E20200690853 /* Sources */ = {
			isa = PBXSourcesBuildPhase;
			buildActionMask = 2147483647;
			files = (
				36B169AA2A30E20200690853 /* DashboardVC.swift in Sources */,
				36C2B5CA2A3487B000E4AE7B /* DashboardCVCell.swift in Sources */,
				36C2B5C12A34638C00E4AE7B /* LinkData.swift in Sources */,
				36C2B5BF2A34561300E4AE7B /* LinkViewModel.swift in Sources */,
				36ACED4F2A35AE5300AC2E85 /* ChartGenerator.swift in Sources */,
				36B169A62A30E20200690853 /* AppDelegate.swift in Sources */,
				36ACED5F2A35FCD100AC2E85 /* DashbordVC + UICollectionView.swift in Sources */,
				36B169A82A30E20200690853 /* SceneDelegate.swift in Sources */,
				36C2B5BB2A339F4900E4AE7B /* UIkit + Extension.swift in Sources */,
				36C2B5AB2A338FBB00E4AE7B /* Date + Extension.swift in Sources */,
				36C2B5B92A33990E00E4AE7B /* Font + Extension.swift in Sources */,
				36ACED602A35FCD100AC2E85 /* Dashboard + UITableview.swift in Sources */,
				36C2B5A92A338E6400E4AE7B /* AppConstant.swift in Sources */,
				36C2B5BD2A34553800E4AE7B /* LinkDataModel.swift in Sources */,
				36C2B5CF2A349A9E00E4AE7B /* LinkCell.swift in Sources */,
			);
			runOnlyForDeploymentPostprocessing = 0;
		};
		36B169B42A30E20300690853 /* Sources */ = {
			isa = PBXSourcesBuildPhase;
			buildActionMask = 2147483647;
			files = (
				36B169BD2A30E20300690853 /* ListedTests.swift in Sources */,
			);
			runOnlyForDeploymentPostprocessing = 0;
		};
		36B169BE2A30E20400690853 /* Sources */ = {
			isa = PBXSourcesBuildPhase;
			buildActionMask = 2147483647;
			files = (
				36B169C72A30E20400690853 /* ListedUITests.swift in Sources */,
				36B169C92A30E20400690853 /* ListedUITestsLaunchTests.swift in Sources */,
			);
			runOnlyForDeploymentPostprocessing = 0;
		};
/* End PBXSourcesBuildPhase section */

/* Begin PBXTargetDependency section */
		36B169BA2A30E20300690853 /* PBXTargetDependency */ = {
			isa = PBXTargetDependency;
			target = 36B169A12A30E20200690853 /* Listed */;
			targetProxy = 36B169B92A30E20300690853 /* PBXContainerItemProxy */;
		};
		36B169C42A30E20400690853 /* PBXTargetDependency */ = {
			isa = PBXTargetDependency;
			target = 36B169A12A30E20200690853 /* Listed */;
			targetProxy = 36B169C32A30E20400690853 /* PBXContainerItemProxy */;
		};
/* End PBXTargetDependency section */

/* Begin PBXVariantGroup section */
		36B169AB2A30E20200690853 /* Main.storyboard */ = {
			isa = PBXVariantGroup;
			children = (
				36B169AC2A30E20200690853 /* Base */,
			);
			name = Main.storyboard;
			sourceTree = "<group>";
		};
		36B169B02A30E20300690853 /* LaunchScreen.storyboard */ = {
			isa = PBXVariantGroup;
			children = (
				36B169B12A30E20300690853 /* Base */,
			);
			name = LaunchScreen.storyboard;
			sourceTree = "<group>";
		};
/* End PBXVariantGroup section */

/* Begin XCBuildConfiguration section */
		36B169CA2A30E20400690853 /* Debug */ = {
			isa = XCBuildConfiguration;
			buildSettings = {
				ALWAYS_SEARCH_USER_PATHS = NO;
				CLANG_ANALYZER_NONNULL = YES;
				CLANG_ANALYZER_NUMBER_OBJECT_CONVERSION = YES_AGGRESSIVE;
				CLANG_CXX_LANGUAGE_STANDARD = "gnu++20";
				CLANG_ENABLE_MODULES = YES;
				CLANG_ENABLE_OBJC_ARC = YES;
				CLANG_ENABLE_OBJC_WEAK = YES;
				CLANG_WARN_BLOCK_CAPTURE_AUTORELEASING = YES;
				CLANG_WARN_BOOL_CONVERSION = YES;
				CLANG_WARN_COMMA = YES;
				CLANG_WARN_CONSTANT_CONVERSION = YES;
				CLANG_WARN_DEPRECATED_OBJC_IMPLEMENTATIONS = YES;
				CLANG_WARN_DIRECT_OBJC_ISA_USAGE = YES_ERROR;
				CLANG_WARN_DOCUMENTATION_COMMENTS = YES;
				CLANG_WARN_EMPTY_BODY = YES;
				CLANG_WARN_ENUM_CONVERSION = YES;
				CLANG_WARN_INFINITE_RECURSION = YES;
				CLANG_WARN_INT_CONVERSION = YES;
				CLANG_WARN_NON_LITERAL_NULL_CONVERSION = YES;
				CLANG_WARN_OBJC_IMPLICIT_RETAIN_SELF = YES;
				CLANG_WARN_OBJC_LITERAL_CONVERSION = YES;
				CLANG_WARN_OBJC_ROOT_CLASS = YES_ERROR;
				CLANG_WARN_QUOTED_INCLUDE_IN_FRAMEWORK_HEADER = YES;
				CLANG_WARN_RANGE_LOOP_ANALYSIS = YES;
				CLANG_WARN_STRICT_PROTOTYPES = YES;
				CLANG_WARN_SUSPICIOUS_MOVE = YES;
				CLANG_WARN_UNGUARDED_AVAILABILITY = YES_AGGRESSIVE;
				CLANG_WARN_UNREACHABLE_CODE = YES;
				CLANG_WARN__DUPLICATE_METHOD_MATCH = YES;
				COPY_PHASE_STRIP = NO;
				DEBUG_INFORMATION_FORMAT = dwarf;
				ENABLE_STRICT_OBJC_MSGSEND = YES;
				ENABLE_TESTABILITY = YES;
				GCC_C_LANGUAGE_STANDARD = gnu11;
				GCC_DYNAMIC_NO_PIC = NO;
				GCC_NO_COMMON_BLOCKS = YES;
				GCC_OPTIMIZATION_LEVEL = 0;
				GCC_PREPROCESSOR_DEFINITIONS = (
					"DEBUG=1",
					"$(inherited)",
				);
				GCC_WARN_64_TO_32_BIT_CONVERSION = YES;
				GCC_WARN_ABOUT_RETURN_TYPE = YES_ERROR;
				GCC_WARN_UNDECLARED_SELECTOR = YES;
				GCC_WARN_UNINITIALIZED_AUTOS = YES_AGGRESSIVE;
				GCC_WARN_UNUSED_FUNCTION = YES;
				GCC_WARN_UNUSED_VARIABLE = YES;
				IPHONEOS_DEPLOYMENT_TARGET = 16.4;
				MTL_ENABLE_DEBUG_INFO = INCLUDE_SOURCE;
				MTL_FAST_MATH = YES;
				ONLY_ACTIVE_ARCH = YES;
				SDKROOT = iphoneos;
				SWIFT_ACTIVE_COMPILATION_CONDITIONS = DEBUG;
				SWIFT_OPTIMIZATION_LEVEL = "-Onone";
			};
			name = Debug;
		};
		36B169CB2A30E20400690853 /* Release */ = {
			isa = XCBuildConfiguration;
			buildSettings = {
				ALWAYS_SEARCH_USER_PATHS = NO;
				CLANG_ANALYZER_NONNULL = YES;
				CLANG_ANALYZER_NUMBER_OBJECT_CONVERSION = YES_AGGRESSIVE;
				CLANG_CXX_LANGUAGE_STANDARD = "gnu++20";
				CLANG_ENABLE_MODULES = YES;
				CLANG_ENABLE_OBJC_ARC = YES;
				CLANG_ENABLE_OBJC_WEAK = YES;
				CLANG_WARN_BLOCK_CAPTURE_AUTORELEASING = YES;
				CLANG_WARN_BOOL_CONVERSION = YES;
				CLANG_WARN_COMMA = YES;
				CLANG_WARN_CONSTANT_CONVERSION = YES;
				CLANG_WARN_DEPRECATED_OBJC_IMPLEMENTATIONS = YES;
				CLANG_WARN_DIRECT_OBJC_ISA_USAGE = YES_ERROR;
				CLANG_WARN_DOCUMENTATION_COMMENTS = YES;
				CLANG_WARN_EMPTY_BODY = YES;
				CLANG_WARN_ENUM_CONVERSION = YES;
				CLANG_WARN_INFINITE_RECURSION = YES;
				CLANG_WARN_INT_CONVERSION = YES;
				CLANG_WARN_NON_LITERAL_NULL_CONVERSION = YES;
				CLANG_WARN_OBJC_IMPLICIT_RETAIN_SELF = YES;
				CLANG_WARN_OBJC_LITERAL_CONVERSION = YES;
				CLANG_WARN_OBJC_ROOT_CLASS = YES_ERROR;
				CLANG_WARN_QUOTED_INCLUDE_IN_FRAMEWORK_HEADER = YES;
				CLANG_WARN_RANGE_LOOP_ANALYSIS = YES;
				CLANG_WARN_STRICT_PROTOTYPES = YES;
				CLANG_WARN_SUSPICIOUS_MOVE = YES;
				CLANG_WARN_UNGUARDED_AVAILABILITY = YES_AGGRESSIVE;
				CLANG_WARN_UNREACHABLE_CODE = YES;
				CLANG_WARN__DUPLICATE_METHOD_MATCH = YES;
				COPY_PHASE_STRIP = NO;
				DEBUG_INFORMATION_FORMAT = "dwarf-with-dsym";
				ENABLE_NS_ASSERTIONS = NO;
				ENABLE_STRICT_OBJC_MSGSEND = YES;
				GCC_C_LANGUAGE_STANDARD = gnu11;
				GCC_NO_COMMON_BLOCKS = YES;
				GCC_WARN_64_TO_32_BIT_CONVERSION = YES;
				GCC_WARN_ABOUT_RETURN_TYPE = YES_ERROR;
				GCC_WARN_UNDECLARED_SELECTOR = YES;
				GCC_WARN_UNINITIALIZED_AUTOS = YES_AGGRESSIVE;
				GCC_WARN_UNUSED_FUNCTION = YES;
				GCC_WARN_UNUSED_VARIABLE = YES;
				IPHONEOS_DEPLOYMENT_TARGET = 16.4;
				MTL_ENABLE_DEBUG_INFO = NO;
				MTL_FAST_MATH = YES;
				SDKROOT = iphoneos;
				SWIFT_COMPILATION_MODE = wholemodule;
				SWIFT_OPTIMIZATION_LEVEL = "-O";
				VALIDATE_PRODUCT = YES;
			};
			name = Release;
		};
		36B169CD2A30E20400690853 /* Debug */ = {
			isa = XCBuildConfiguration;
			buildSettings = {
				ASSETCATALOG_COMPILER_APPICON_NAME = AppIcon;
				ASSETCATALOG_COMPILER_GLOBAL_ACCENT_COLOR_NAME = AccentColor;
				CODE_SIGN_STYLE = Automatic;
				CURRENT_PROJECT_VERSION = 1;
				DEVELOPMENT_TEAM = "";
				GENERATE_INFOPLIST_FILE = YES;
				INFOPLIST_FILE = Listed/Support/Info.plist;
				INFOPLIST_KEY_UIApplicationSupportsIndirectInputEvents = YES;
				INFOPLIST_KEY_UILaunchStoryboardName = LaunchScreen;
				INFOPLIST_KEY_UIMainStoryboardFile = Main;
				INFOPLIST_KEY_UIStatusBarStyle = "";
				INFOPLIST_KEY_UISupportedInterfaceOrientations = UIInterfaceOrientationPortrait;
				IPHONEOS_DEPLOYMENT_TARGET = 15.0;
				LD_RUNPATH_SEARCH_PATHS = (
					"$(inherited)",
					"@executable_path/Frameworks",
				);
				MARKETING_VERSION = 1.0;
				PRODUCT_BUNDLE_IDENTIFIER = com.Listed;
				PRODUCT_NAME = "$(TARGET_NAME)";
				SWIFT_EMIT_LOC_STRINGS = YES;
				SWIFT_VERSION = 5.0;
				TARGETED_DEVICE_FAMILY = "1,2";
			};
			name = Debug;
		};
		36B169CE2A30E20400690853 /* Release */ = {
			isa = XCBuildConfiguration;
			buildSettings = {
				ASSETCATALOG_COMPILER_APPICON_NAME = AppIcon;
				ASSETCATALOG_COMPILER_GLOBAL_ACCENT_COLOR_NAME = AccentColor;
				CODE_SIGN_STYLE = Automatic;
				CURRENT_PROJECT_VERSION = 1;
				DEVELOPMENT_TEAM = "";
				GENERATE_INFOPLIST_FILE = YES;
				INFOPLIST_FILE = Listed/Support/Info.plist;
				INFOPLIST_KEY_UIApplicationSupportsIndirectInputEvents = YES;
				INFOPLIST_KEY_UILaunchStoryboardName = LaunchScreen;
				INFOPLIST_KEY_UIMainStoryboardFile = Main;
				INFOPLIST_KEY_UIStatusBarStyle = "";
				INFOPLIST_KEY_UISupportedInterfaceOrientations = UIInterfaceOrientationPortrait;
				IPHONEOS_DEPLOYMENT_TARGET = 15.0;
				LD_RUNPATH_SEARCH_PATHS = (
					"$(inherited)",
					"@executable_path/Frameworks",
				);
				MARKETING_VERSION = 1.0;
				PRODUCT_BUNDLE_IDENTIFIER = com.Listed;
				PRODUCT_NAME = "$(TARGET_NAME)";
				SWIFT_EMIT_LOC_STRINGS = YES;
				SWIFT_VERSION = 5.0;
				TARGETED_DEVICE_FAMILY = "1,2";
			};
			name = Release;
		};
		36B169D02A30E20400690853 /* Debug */ = {
			isa = XCBuildConfiguration;
			buildSettings = {
				ALWAYS_EMBED_SWIFT_STANDARD_LIBRARIES = YES;
				BUNDLE_LOADER = "$(TEST_HOST)";
				CODE_SIGN_STYLE = Automatic;
				CURRENT_PROJECT_VERSION = 1;
				GENERATE_INFOPLIST_FILE = YES;
				IPHONEOS_DEPLOYMENT_TARGET = 16.4;
				MARKETING_VERSION = 1.0;
				PRODUCT_BUNDLE_IDENTIFIER = com.ListedTests;
				PRODUCT_NAME = "$(TARGET_NAME)";
				SWIFT_EMIT_LOC_STRINGS = NO;
				SWIFT_VERSION = 5.0;
				TARGETED_DEVICE_FAMILY = "1,2";
				TEST_HOST = "$(BUILT_PRODUCTS_DIR)/Listed.app/$(BUNDLE_EXECUTABLE_FOLDER_PATH)/Listed";
			};
			name = Debug;
		};
		36B169D12A30E20400690853 /* Release */ = {
			isa = XCBuildConfiguration;
			buildSettings = {
				ALWAYS_EMBED_SWIFT_STANDARD_LIBRARIES = YES;
				BUNDLE_LOADER = "$(TEST_HOST)";
				CODE_SIGN_STYLE = Automatic;
				CURRENT_PROJECT_VERSION = 1;
				GENERATE_INFOPLIST_FILE = YES;
				IPHONEOS_DEPLOYMENT_TARGET = 16.4;
				MARKETING_VERSION = 1.0;
				PRODUCT_BUNDLE_IDENTIFIER = com.ListedTests;
				PRODUCT_NAME = "$(TARGET_NAME)";
				SWIFT_EMIT_LOC_STRINGS = NO;
				SWIFT_VERSION = 5.0;
				TARGETED_DEVICE_FAMILY = "1,2";
				TEST_HOST = "$(BUILT_PRODUCTS_DIR)/Listed.app/$(BUNDLE_EXECUTABLE_FOLDER_PATH)/Listed";
			};
			name = Release;
		};
		36B169D32A30E20400690853 /* Debug */ = {
			isa = XCBuildConfiguration;
			buildSettings = {
				ALWAYS_EMBED_SWIFT_STANDARD_LIBRARIES = YES;
				CODE_SIGN_STYLE = Automatic;
				CURRENT_PROJECT_VERSION = 1;
				GENERATE_INFOPLIST_FILE = YES;
				MARKETING_VERSION = 1.0;
				PRODUCT_BUNDLE_IDENTIFIER = com.ListedUITests;
				PRODUCT_NAME = "$(TARGET_NAME)";
				SWIFT_EMIT_LOC_STRINGS = NO;
				SWIFT_VERSION = 5.0;
				TARGETED_DEVICE_FAMILY = "1,2";
				TEST_TARGET_NAME = Listed;
			};
			name = Debug;
		};
		36B169D42A30E20400690853 /* Release */ = {
			isa = XCBuildConfiguration;
			buildSettings = {
				ALWAYS_EMBED_SWIFT_STANDARD_LIBRARIES = YES;
				CODE_SIGN_STYLE = Automatic;
				CURRENT_PROJECT_VERSION = 1;
				GENERATE_INFOPLIST_FILE = YES;
				MARKETING_VERSION = 1.0;
				PRODUCT_BUNDLE_IDENTIFIER = com.ListedUITests;
				PRODUCT_NAME = "$(TARGET_NAME)";
				SWIFT_EMIT_LOC_STRINGS = NO;
				SWIFT_VERSION = 5.0;
				TARGETED_DEVICE_FAMILY = "1,2";
				TEST_TARGET_NAME = Listed;
			};
			name = Release;
		};
/* End XCBuildConfiguration section */

/* Begin XCConfigurationList section */
		36B1699D2A30E20200690853 /* Build configuration list for PBXProject "Listed" */ = {
			isa = XCConfigurationList;
			buildConfigurations = (
				36B169CA2A30E20400690853 /* Debug */,
				36B169CB2A30E20400690853 /* Release */,
			);
			defaultConfigurationIsVisible = 0;
			defaultConfigurationName = Release;
		};
		36B169CC2A30E20400690853 /* Build configuration list for PBXNativeTarget "Listed" */ = {
			isa = XCConfigurationList;
			buildConfigurations = (
				36B169CD2A30E20400690853 /* Debug */,
				36B169CE2A30E20400690853 /* Release */,
			);
			defaultConfigurationIsVisible = 0;
			defaultConfigurationName = Release;
		};
		36B169CF2A30E20400690853 /* Build configuration list for PBXNativeTarget "ListedTests" */ = {
			isa = XCConfigurationList;
			buildConfigurations = (
				36B169D02A30E20400690853 /* Debug */,
				36B169D12A30E20400690853 /* Release */,
			);
			defaultConfigurationIsVisible = 0;
			defaultConfigurationName = Release;
		};
		36B169D22A30E20400690853 /* Build configuration list for PBXNativeTarget "ListedUITests" */ = {
			isa = XCConfigurationList;
			buildConfigurations = (
				36B169D32A30E20400690853 /* Debug */,
				36B169D42A30E20400690853 /* Release */,
			);
			defaultConfigurationIsVisible = 0;
			defaultConfigurationName = Release;
		};
/* End XCConfigurationList section */

/* Begin XCRemoteSwiftPackageReference section */
		36601EA82A3504A300C31042 /* XCRemoteSwiftPackageReference "Charts" */ = {
			isa = XCRemoteSwiftPackageReference;
			repositoryURL = "https://github.com/danielgindi/Charts.git";
			requirement = {
				kind = upToNextMajorVersion;
				minimumVersion = 5.0.0;
			};
		};
		36ACED502A35D25D00AC2E85 /* XCRemoteSwiftPackageReference "swift-collections" */ = {
			isa = XCRemoteSwiftPackageReference;
			repositoryURL = "https://github.com/apple/swift-collections.git";
			requirement = {
				kind = upToNextMajorVersion;
				minimumVersion = 1.0.0;
			};
		};
/* End XCRemoteSwiftPackageReference section */

/* Begin XCSwiftPackageProductDependency section */
		36601EA92A3504A300C31042 /* DGCharts */ = {
			isa = XCSwiftPackageProductDependency;
			package = 36601EA82A3504A300C31042 /* XCRemoteSwiftPackageReference "Charts" */;
			productName = DGCharts;
		};
		36ACED512A35D25D00AC2E85 /* OrderedCollections */ = {
			isa = XCSwiftPackageProductDependency;
			package = 36ACED502A35D25D00AC2E85 /* XCRemoteSwiftPackageReference "swift-collections" */;
			productName = OrderedCollections;
		};
/* End XCSwiftPackageProductDependency section */
	};
	rootObject = 36B1699A2A30E20200690853 /* Project object */;
}
